
Microsoft Visual Studio Solution File, Format Version 12.00
# Visual Studio Version 17
VisualStudioVersion = 17.0.32014.148
MinimumVisualStudioVersion = 10.0.40219.1
Project("{FAE04EC0-301F-11D3-BF4B-00C04F79EFBC}") = "HotelShift4", "HotelShift4\HotelShift4.csproj", "{D6D0ADE7-07BA-425B-8B0E-E4256E9B2DDB}"
EndProject
Global
	GlobalSection(SolutionConfigurationPlatforms) = preSolution
		Debug|Any CPU = Debug|Any CPU
		Release|Any CPU = Release|Any CPU
	EndGlobalSection
	GlobalSection(ProjectConfigurationPlatforms) = postSolution
		{D6D0ADE7-07BA-425B-8B0E-E4256E9B2DDB}.Debug|Any CPU.ActiveCfg = Debug|Any CPU
		{D6D0ADE7-07BA-425B-8B0E-E4256E9B2DDB}.Debug|Any CPU.Build.0 = Debug|Any CPU
		{D6D0ADE7-07BA-425B-8B0E-E4256E9B2DDB}.Release|Any CPU.ActiveCfg = Release|Any CPU
		{D6D0ADE7-07BA-425B-8B0E-E4256E9B2DDB}.Release|Any CPU.Build.0 = Release|Any CPU
	EndGlobalSection
	GlobalSection(SolutionProperties) = preSolution
		HideSolutionNode = FALSE
	EndGlobalSection
	GlobalSection(ExtensibilityGlobals) = postSolution
		SolutionGuid = {22E5A098-B91F-4760-83F2-D91164501006}
	EndGlobalSection
EndGlobal
